
Microsoft Visual Studio Solution File, Format Version 12.00
# Visual Studio Version 16
VisualStudioVersion = 16.0.30114.105
MinimumVisualStudioVersion = 10.0.40219.1
Project("{FAE04EC0-301F-11D3-BF4B-00C04F79EFBC}") = "WebAppASP", "WebAppASP\WebAppASP.csproj", "{864BE507-E551-4BEB-88B0-1EBB2A9AF3BC}"
EndProject
Global
	GlobalSection(SolutionConfigurationPlatforms) = preSolution
		Debug|Any CPU = Debug|Any CPU
		Release|Any CPU = Release|Any CPU
	EndGlobalSection
	GlobalSection(ProjectConfigurationPlatforms) = postSolution
		{864BE507-E551-4BEB-88B0-1EBB2A9AF3BC}.Debug|Any CPU.ActiveCfg = Debug|Any CPU
		{864BE507-E551-4BEB-88B0-1EBB2A9AF3BC}.Debug|Any CPU.Build.0 = Debug|Any CPU
		{864BE507-E551-4BEB-88B0-1EBB2A9AF3BC}.Release|Any CPU.ActiveCfg = Release|Any CPU
		{864BE507-E551-4BEB-88B0-1EBB2A9AF3BC}.Release|Any CPU.Build.0 = Release|Any CPU
	EndGlobalSection
	GlobalSection(SolutionProperties) = preSolution
		HideSolutionNode = FALSE
	EndGlobalSection
	GlobalSection(ExtensibilityGlobals) = postSolution
		SolutionGuid = {6243AE2D-13E6-45FF-BC15-37EE86946CFD}
	EndGlobalSection
EndGlobal
